{
  "nodes": {
    "flake-utils": {
      "inputs": {
        "systems": "systems"
      },
      "locked": {
        "lastModified": 1726560853,
        "narHash": "sha256-X6rJYSESBVr3hBoH0WbKE5KvhPU5bloyZ2L4K60/fPQ=",
        "owner": "numtide",
        "repo": "flake-utils",
        "rev": "c1dfcf08411b08f6b8615f7d8971a2bfa81d5e8a",
        "type": "github"
      },
      "original": {
        "owner": "numtide",
        "repo": "flake-utils",
        "type": "github"
      }
    },
    "koika": {
      "inputs": {
        "flake-utils": [
          "flake-utils"
        ],
        "makes": "makes",
        "nixpkgs": "nixpkgs_2"
      },
      "locked": {
        "lastModified": 1727634955,
        "narHash": "sha256-Fs5A4XsI0WprsGC6VHFy2sfvw++RNPOwAJE8sDY8vgQ=",
        "owner": "Barkhausen-Institut",
        "repo": "koika",
        "rev": "1b9942d17fa904c3789e9053e5b32a44585e63ed",
        "type": "github"
      },
      "original": {
        "owner": "Barkhausen-Institut",
        "ref": "master",
        "repo": "koika",
        "type": "github"
      }
    },
    "makes": {
      "inputs": {
        "nixpkgs": "nixpkgs"
      },
      "locked": {
        "lastModified": 1719604435,
        "narHash": "sha256-v1wmHjL0WouIbNCVKoNMh6aYHlV0/gjqiKRJmbmkqpg=",
        "owner": "fluidattacks",
        "repo": "makes",
        "rev": "78ffa66b104cdf5ce089f13596c43da588c5ed70",
        "type": "github"
      },
      "original": {
        "owner": "fluidattacks",
        "ref": "24.02",
        "repo": "makes",
        "type": "github"
      }
    },
    "nixpkgs": {
      "locked": {
        "lastModified": 1667092106,
        "narHash": "sha256-ZQwHNd/RemupaV52ePNNv4Kp+LHzPjssEAumLijum4E=",
        "owner": "nix-community",
        "repo": "nixpkgs.lib",
        "rev": "2c15a4c90737d33309daf869bae0daaa35eeb264",
        "type": "github"
      },
      "original": {
        "owner": "nix-community",
        "repo": "nixpkgs.lib",
        "type": "github"
      }
    },
    "nixpkgs_2": {
      "locked": {
        "lastModified": 1721821769,
        "narHash": "sha256-PhmkdTJs2SfqKzSyDB74rDKp1MH4mGk0pG/+WqrnGEw=",
        "owner": "nixos",
        "repo": "nixpkgs",
        "rev": "d0907b75146a0ccc1ec0d6c3db287ec287588ef6",
        "type": "github"
      },
      "original": {
        "owner": "nixos",
        "ref": "release-24.05",
        "repo": "nixpkgs",
        "type": "github"
      }
    },
    "root": {
      "inputs": {
        "flake-utils": "flake-utils",
        "koika": "koika",
        "nixpkgs": [
          "koika",
          "nixpkgs"
        ]
      }
    },
    "systems": {
      "locked": {
        "lastModified": 1681028828,
        "narHash": "sha256-Vy1rq5AaRuLzOxct8nz4T6wlgyUR7zLU309k9mBC768=",
        "owner": "nix-systems",
        "repo": "default",
        "rev": "da67096a3b9bf56a91d16901293e51ba5b49a27e",
        "type": "github"
      },
      "original": {
        "owner": "nix-systems",
        "repo": "default",
        "type": "github"
      }
    }
  },
  "root": "root",
  "version": 7
}
